
Microsoft Visual Studio Solution File, Format Version 12.00
# Visual Studio Version 17
VisualStudioVersion = 17.5.33627.172
MinimumVisualStudioVersion = 10.0.40219.1
Project("{FAE04EC0-301F-11D3-BF4B-00C04F79EFBC}") = "PcBuiApp-Client-v1", "PcBuiApp-Client-v1\PcBuiApp-Client-v1.csproj", "{FB3AB685-6D07-40DF-BAD1-8ADC915B1CCF}"
EndProject
Global
	GlobalSection(SolutionConfigurationPlatforms) = preSolution
		Debug|Any CPU = Debug|Any CPU
		Release|Any CPU = Release|Any CPU
	EndGlobalSection
	GlobalSection(ProjectConfigurationPlatforms) = postSolution
		{FB3AB685-6D07-40DF-BAD1-8ADC915B1CCF}.Debug|Any CPU.ActiveCfg = Debug|Any CPU
		{FB3AB685-6D07-40DF-BAD1-8ADC915B1CCF}.Debug|Any CPU.Build.0 = Debug|Any CPU
		{FB3AB685-6D07-40DF-BAD1-8ADC915B1CCF}.Release|Any CPU.ActiveCfg = Release|Any CPU
		{FB3AB685-6D07-40DF-BAD1-8ADC915B1CCF}.Release|Any CPU.Build.0 = Release|Any CPU
	EndGlobalSection
	GlobalSection(SolutionProperties) = preSolution
		HideSolutionNode = FALSE
	EndGlobalSection
	GlobalSection(ExtensibilityGlobals) = postSolution
		SolutionGuid = {93E4B3F2-D635-4983-A91E-75C202B85671}
	EndGlobalSection
EndGlobal
